PODS:
  - SwCrypt (5.1.2)
  - SwiftyRSA (1.5.0):
    - SwiftyRSA/ObjC (= 1.5.0)
  - SwiftyRSA/ObjC (1.5.0)

DEPENDENCIES:
  - SwCrypt
  - SwiftyRSA

SPEC REPOS:
  https://github.com/cocoapods/specs.git:
    - SwCrypt
    - SwiftyRSA

SPEC CHECKSUMS:
  SwCrypt: e3cafbb98b760533f3d7068fb66de52d6cb6af2a
  SwiftyRSA: 6e528fb1b1a87d5111c48081083b141d6d65f1cf

PODFILE CHECKSUM: 94e6e62344dd8cc66a9a5d0ba3e405a51eb33772

COCOAPODS: 1.5.3
