PODS:
  - SwiftyRSA (1.5.0):
    - SwiftyRSA/ObjC (= 1.5.0)
  - SwiftyRSA/ObjC (1.5.0)

DEPENDENCIES:
  - SwiftyRSA

SPEC REPOS:
  https://github.com/cocoapods/specs.git:
    - SwiftyRSA

SPEC CHECKSUMS:
  SwiftyRSA: 6e528fb1b1a87d5111c48081083b141d6d65f1cf

PODFILE CHECKSUM: 79be7fe32b982709cab7fb0b5df32448e912065c

COCOAPODS: 1.5.3
